{
  "name": "wixvibe-hack",
  "version": "1.0.0",
  "private": true,
  "type": "module",
  "scripts": {
    "dev": "astro dev",
    "build": "astro build",
    "preview": "astro preview"
  },
  "dependencies": {
    "astro": "^4.10.0",
    "@astrojs/react": "^3.0.0",
    "@astrojs/tailwind": "^5.0.0",
    "react": "^18.2.0",
    "react-dom": "^18.2.0",
    "@wix/astro": "^1.0.228",
    "@wix/monitoring-astro": "^1.0.228",
    "@wix/cloud-provider-fetch-adapter": "^1.0.228",
    "wix-sdk": "^1.0.222"
  },
  "devDependencies": {
    "@types/react": "^18.2.46",
    "@types/react-dom": "^18.2.18",
    "typescript": "^5.3.3",
    "tailwindcss": "^3.4.0",
    "autoprefixer": "^10.4.16",
    "postcss": "^8.4.31",
    "@wix/babel-plugin-jsx-source-attrs": "^1.0.228",
    "@wix/babel-plugin-jsx-dynamic-data": "^1.0.228"
  }
}
